
Microsoft Visual Studio Solution File, Format Version 12.00
# Visual Studio Version 16
VisualStudioVersion = 16.0.32510.428
MinimumVisualStudioVersion = 10.0.40219.1
Project("{8BC9CEB8-8B4A-11D0-8D11-00A0C91BC942}") = "opengl-sketch-engine", "opengl-sketch-engine.vcxproj", "{A01DBF97-9699-458F-870A-7C3EE30D7592}"
EndProject
Global
	GlobalSection(SolutionConfigurationPlatforms) = preSolution
		Debug|x64 = Debug|x64
		Debug|x86 = Debug|x86
		Release|x64 = Release|x64
		Release|x86 = Release|x86
	EndGlobalSection
	GlobalSection(ProjectConfigurationPlatforms) = postSolution
		{A01DBF97-9699-458F-870A-7C3EE30D7592}.Debug|x64.ActiveCfg = Debug|x64
		{A01DBF97-9699-458F-870A-7C3EE30D7592}.Debug|x64.Build.0 = Debug|x64
		{A01DBF97-9699-458F-870A-7C3EE30D7592}.Debug|x86.ActiveCfg = Debug|Win32
		{A01DBF97-9699-458F-870A-7C3EE30D7592}.Debug|x86.Build.0 = Debug|Win32
		{A01DBF97-9699-458F-870A-7C3EE30D7592}.Release|x64.ActiveCfg = Release|x64
		{A01DBF97-9699-458F-870A-7C3EE30D7592}.Release|x64.Build.0 = Release|x64
		{A01DBF97-9699-458F-870A-7C3EE30D7592}.Release|x86.ActiveCfg = Release|Win32
		{A01DBF97-9699-458F-870A-7C3EE30D7592}.Release|x86.Build.0 = Release|Win32
	EndGlobalSection
	GlobalSection(SolutionProperties) = preSolution
		HideSolutionNode = FALSE
	EndGlobalSection
	GlobalSection(ExtensibilityGlobals) = postSolution
		SolutionGuid = {61D6D33B-FAA3-4213-AEC0-41C5883BBF88}
	EndGlobalSection
EndGlobal
